// !$*UTF8*$!
{
	archiveVersion = 1;
	classes = {
	};
	objectVersion = 77;
	objects = {

/* Begin PBXContainerItemProxy section */
		F2F2AA9D2E56A44000FA9464 /* PBXContainerItemProxy */ = {
			isa = PBXContainerItemProxy;
			containerPortal = F27BDB9D2E544D5400036841 /* Project object */;
			proxyType = 1;
			remoteGlobalIDString = F27BDBA42E544D5400036841;
			remoteInfo = HttpRequestMonitor;
		};
/* End PBXContainerItemProxy section */

/* Begin PBXFileReference section */
		F27BDBA52E544D5400036841 /* HttpRequestMonitor.app */ = {isa = PBXFileReference; explicitFileType = wrapper.application; includeInIndex = 0; path = HttpRequestMonitor.app; sourceTree = BUILT_PRODUCTS_DIR; };
		F2F2AA992E56A44000FA9464 /* HttpRequestMonitorTests.xctest */ = {isa = PBXFileReference; explicitFileType = wrapper.cfbundle; includeInIndex = 0; path = HttpRequestMonitorTests.xctest; sourceTree = BUILT_PRODUCTS_DIR; };
		F2F2AB022E56AB5000FA9464 /* HttpRequestMonitor.xctestplan */ = {isa = PBXFileReference; lastKnownFileType = text; path = HttpRequestMonitor.xctestplan; sourceTree = "<group>"; };
/* End PBXFileReference section */

/* Begin PBXFileSystemSynchronizedBuildFileExceptionSet section */
		F2F2AAA32E56A5F300FA9464 /* Exceptions for "HttpRequestMonitor" folder in "HttpRequestMonitorTests" target */ = {
			isa = PBXFileSystemSynchronizedBuildFileExceptionSet;
			membershipExceptions = (
				Extension/OptionalExtension.swift,
			);
			target = F2F2AA982E56A44000FA9464 /* HttpRequestMonitorTests */;
		};
/* End PBXFileSystemSynchronizedBuildFileExceptionSet section */

/* Begin PBXFileSystemSynchronizedRootGroup section */
		F27BDBA72E544D5400036841 /* HttpRequestMonitor */ = {
			isa = PBXFileSystemSynchronizedRootGroup;
			exceptions = (
				F2F2AAA32E56A5F300FA9464 /* Exceptions for "HttpRequestMonitor" folder in "HttpRequestMonitorTests" target */,
			);
			path = HttpRequestMonitor;
			sourceTree = "<group>";
		};
		F2F2AA9A2E56A44000FA9464 /* HttpRequestMonitorTests */ = {
			isa = PBXFileSystemSynchronizedRootGroup;
			path = HttpRequestMonitorTests;
			sourceTree = "<group>";
		};
/* End PBXFileSystemSynchronizedRootGroup section */

/* Begin PBXFrameworksBuildPhase section */
		F27BDBA22E544D5400036841 /* Frameworks */ = {
			isa = PBXFrameworksBuildPhase;
			buildActionMask = 2147483647;
			files = (
			);
			runOnlyForDeploymentPostprocessing = 0;
		};
		F2F2AA962E56A44000FA9464 /* Frameworks */ = {
			isa = PBXFrameworksBuildPhase;
			buildActionMask = 2147483647;
			files = (
			);
			runOnlyForDeploymentPostprocessing = 0;
		};
/* End PBXFrameworksBuildPhase section */

/* Begin PBXGroup section */
		F27BDB9C2E544D5400036841 = {
			isa = PBXGroup;
			children = (
				F2F2AB022E56AB5000FA9464 /* HttpRequestMonitor.xctestplan */,
				F27BDBA72E544D5400036841 /* HttpRequestMonitor */,
				F2F2AA9A2E56A44000FA9464 /* HttpRequestMonitorTests */,
				F27BDBA62E544D5400036841 /* Products */,
			);
			sourceTree = "<group>";
		};
		F27BDBA62E544D5400036841 /* Products */ = {
			isa = PBXGroup;
			children = (
				F27BDBA52E544D5400036841 /* HttpRequestMonitor.app */,
				F2F2AA992E56A44000FA9464 /* HttpRequestMonitorTests.xctest */,
			);
			name = Products;
			sourceTree = "<group>";
		};
/* End PBXGroup section */

/* Begin PBXNativeTarget section */
		F27BDBA42E544D5400036841 /* HttpRequestMonitor */ = {
			isa = PBXNativeTarget;
			buildConfigurationList = F27BDBB12E544D5600036841 /* Build configuration list for PBXNativeTarget "HttpRequestMonitor" */;
			buildPhases = (
				F27BDBA12E544D5400036841 /* Sources */,
				F27BDBA22E544D5400036841 /* Frameworks */,
				F27BDBA32E544D5400036841 /* Resources */,
			);
			buildRules = (
			);
			dependencies = (
			);
			fileSystemSynchronizedGroups = (
				F27BDBA72E544D5400036841 /* HttpRequestMonitor */,
			);
			name = HttpRequestMonitor;
			packageProductDependencies = (
			);
			productName = HttpRequestMonitor;
			productReference = F27BDBA52E544D5400036841 /* HttpRequestMonitor.app */;
			productType = "com.apple.product-type.application";
		};
		F2F2AA982E56A44000FA9464 /* HttpRequestMonitorTests */ = {
			isa = PBXNativeTarget;
			buildConfigurationList = F2F2AA9F2E56A44000FA9464 /* Build configuration list for PBXNativeTarget "HttpRequestMonitorTests" */;
			buildPhases = (
				F2F2AA952E56A44000FA9464 /* Sources */,
				F2F2AA962E56A44000FA9464 /* Frameworks */,
				F2F2AA972E56A44000FA9464 /* Resources */,
			);
			buildRules = (
			);
			dependencies = (
				F2F2AA9E2E56A44000FA9464 /* PBXTargetDependency */,
			);
			fileSystemSynchronizedGroups = (
				F2F2AA9A2E56A44000FA9464 /* HttpRequestMonitorTests */,
			);
			name = HttpRequestMonitorTests;
			packageProductDependencies = (
			);
			productName = HttpRequestMonitorTests;
			productReference = F2F2AA992E56A44000FA9464 /* HttpRequestMonitorTests.xctest */;
			productType = "com.apple.product-type.bundle.unit-test";
		};
/* End PBXNativeTarget section */

/* Begin PBXProject section */
		F27BDB9D2E544D5400036841 /* Project object */ = {
			isa = PBXProject;
			attributes = {
				BuildIndependentTargetsInParallel = 1;
				LastSwiftUpdateCheck = 1640;
				LastUpgradeCheck = 1640;
				TargetAttributes = {
					F27BDBA42E544D5400036841 = {
						CreatedOnToolsVersion = 16.4;
					};
					F2F2AA982E56A44000FA9464 = {
						CreatedOnToolsVersion = 16.4;
						TestTargetID = F27BDBA42E544D5400036841;
					};
				};
			};
			buildConfigurationList = F27BDBA02E544D5400036841 /* Build configuration list for PBXProject "HttpRequestMonitor" */;
			developmentRegion = en;
			hasScannedForEncodings = 0;
			knownRegions = (
				en,
				Base,
				"zh-Hant",
			);
			mainGroup = F27BDB9C2E544D5400036841;
			minimizedProjectReferenceProxies = 1;
			preferredProjectObjectVersion = 77;
			productRefGroup = F27BDBA62E544D5400036841 /* Products */;
			projectDirPath = "";
			projectRoot = "";
			targets = (
				F27BDBA42E544D5400036841 /* HttpRequestMonitor */,
				F2F2AA982E56A44000FA9464 /* HttpRequestMonitorTests */,
			);
		};
/* End PBXProject section */

/* Begin PBXResourcesBuildPhase section */
		F27BDBA32E544D5400036841 /* Resources */ = {
			isa = PBXResourcesBuildPhase;
			buildActionMask = 2147483647;
			files = (
			);
			runOnlyForDeploymentPostprocessing = 0;
		};
		F2F2AA972E56A44000FA9464 /* Resources */ = {
			isa = PBXResourcesBuildPhase;
			buildActionMask = 2147483647;
			files = (
			);
			runOnlyForDeploymentPostprocessing = 0;
		};
/* End PBXResourcesBuildPhase section */

/* Begin PBXSourcesBuildPhase section */
		F27BDBA12E544D5400036841 /* Sources */ = {
			isa = PBXSourcesBuildPhase;
			buildActionMask = 2147483647;
			files = (
			);
			runOnlyForDeploymentPostprocessing = 0;
		};
		F2F2AA952E56A44000FA9464 /* Sources */ = {
			isa = PBXSourcesBuildPhase;
			buildActionMask = 2147483647;
			files = (
			);
			runOnlyForDeploymentPostprocessing = 0;
		};
/* End PBXSourcesBuildPhase section */

/* Begin PBXTargetDependency section */
		F2F2AA9E2E56A44000FA9464 /* PBXTargetDependency */ = {
			isa = PBXTargetDependency;
			target = F27BDBA42E544D5400036841 /* HttpRequestMonitor */;
			targetProxy = F2F2AA9D2E56A44000FA9464 /* PBXContainerItemProxy */;
		};
/* End PBXTargetDependency section */

/* Begin XCBuildConfiguration section */
		F27BDBAF2E544D5600036841 /* Debug */ = {
			isa = XCBuildConfiguration;
			buildSettings = {
				ALWAYS_SEARCH_USER_PATHS = NO;
				ASSETCATALOG_COMPILER_GENERATE_SWIFT_ASSET_SYMBOL_EXTENSIONS = YES;
				CLANG_ANALYZER_NONNULL = YES;
				CLANG_ANALYZER_NUMBER_OBJECT_CONVERSION = YES_AGGRESSIVE;
				CLANG_CXX_LANGUAGE_STANDARD = "gnu++20";
				CLANG_ENABLE_MODULES = YES;
				CLANG_ENABLE_OBJC_ARC = YES;
				CLANG_ENABLE_OBJC_WEAK = YES;
				CLANG_WARN_BLOCK_CAPTURE_AUTORELEASING = YES;
				CLANG_WARN_BOOL_CONVERSION = YES;
				CLANG_WARN_COMMA = YES;
				CLANG_WARN_CONSTANT_CONVERSION = YES;
				CLANG_WARN_DEPRECATED_OBJC_IMPLEMENTATIONS = YES;
				CLANG_WARN_DIRECT_OBJC_ISA_USAGE = YES_ERROR;
				CLANG_WARN_DOCUMENTATION_COMMENTS = YES;
				CLANG_WARN_EMPTY_BODY = YES;
				CLANG_WARN_ENUM_CONVERSION = YES;
				CLANG_WARN_INFINITE_RECURSION = YES;
				CLANG_WARN_INT_CONVERSION = YES;
				CLANG_WARN_NON_LITERAL_NULL_CONVERSION = YES;
				CLANG_WARN_OBJC_IMPLICIT_RETAIN_SELF = YES;
				CLANG_WARN_OBJC_LITERAL_CONVERSION = YES;
				CLANG_WARN_OBJC_ROOT_CLASS = YES_ERROR;
				CLANG_WARN_QUOTED_INCLUDE_IN_FRAMEWORK_HEADER = YES;
				CLANG_WARN_RANGE_LOOP_ANALYSIS = YES;
				CLANG_WARN_STRICT_PROTOTYPES = YES;
				CLANG_WARN_SUSPICIOUS_MOVE = YES;
				CLANG_WARN_UNGUARDED_AVAILABILITY = YES_AGGRESSIVE;
				CLANG_WARN_UNREACHABLE_CODE = YES;
				CLANG_WARN__DUPLICATE_METHOD_MATCH = YES;
				COPY_PHASE_STRIP = NO;
				DEBUG_INFORMATION_FORMAT = dwarf;
				ENABLE_STRICT_OBJC_MSGSEND = YES;
				ENABLE_TESTABILITY = YES;
				ENABLE_USER_SCRIPT_SANDBOXING = YES;
				GCC_C_LANGUAGE_STANDARD = gnu17;
				GCC_DYNAMIC_NO_PIC = NO;
				GCC_NO_COMMON_BLOCKS = YES;
				GCC_OPTIMIZATION_LEVEL = 0;
				GCC_PREPROCESSOR_DEFINITIONS = (
					"DEBUG=1",
					"$(inherited)",
				);
				GCC_WARN_64_TO_32_BIT_CONVERSION = YES;
				GCC_WARN_ABOUT_RETURN_TYPE = YES_ERROR;
				GCC_WARN_UNDECLARED_SELECTOR = YES;
				GCC_WARN_UNINITIALIZED_AUTOS = YES_AGGRESSIVE;
				GCC_WARN_UNUSED_FUNCTION = YES;
				GCC_WARN_UNUSED_VARIABLE = YES;
				LOCALIZATION_PREFERS_STRING_CATALOGS = YES;
				MACOSX_DEPLOYMENT_TARGET = 15.5;
				MTL_ENABLE_DEBUG_INFO = INCLUDE_SOURCE;
				MTL_FAST_MATH = YES;
				ONLY_ACTIVE_ARCH = YES;
				SDKROOT = macosx;
				SWIFT_ACTIVE_COMPILATION_CONDITIONS = "DEBUG $(inherited)";
				SWIFT_EMIT_LOC_STRINGS = YES;
				SWIFT_OPTIMIZATION_LEVEL = "-Onone";
			};
			name = Debug;
		};
		F27BDBB02E544D5600036841 /* Release */ = {
			isa = XCBuildConfiguration;
			buildSettings = {
				ALWAYS_SEARCH_USER_PATHS = NO;
				ASSETCATALOG_COMPILER_GENERATE_SWIFT_ASSET_SYMBOL_EXTENSIONS = YES;
				CLANG_ANALYZER_NONNULL = YES;
				CLANG_ANALYZER_NUMBER_OBJECT_CONVERSION = YES_AGGRESSIVE;
				CLANG_CXX_LANGUAGE_STANDARD = "gnu++20";
				CLANG_ENABLE_MODULES = YES;
				CLANG_ENABLE_OBJC_ARC = YES;
				CLANG_ENABLE_OBJC_WEAK = YES;
				CLANG_WARN_BLOCK_CAPTURE_AUTORELEASING = YES;
				CLANG_WARN_BOOL_CONVERSION = YES;
				CLANG_WARN_COMMA = YES;
				CLANG_WARN_CONSTANT_CONVERSION = YES;
				CLANG_WARN_DEPRECATED_OBJC_IMPLEMENTATIONS = YES;
				CLANG_WARN_DIRECT_OBJC_ISA_USAGE = YES_ERROR;
				CLANG_WARN_DOCUMENTATION_COMMENTS = YES;
				CLANG_WARN_EMPTY_BODY = YES;
				CLANG_WARN_ENUM_CONVERSION = YES;
				CLANG_WARN_INFINITE_RECURSION = YES;
				CLANG_WARN_INT_CONVERSION = YES;
				CLANG_WARN_NON_LITERAL_NULL_CONVERSION = YES;
				CLANG_WARN_OBJC_IMPLICIT_RETAIN_SELF = YES;
				CLANG_WARN_OBJC_LITERAL_CONVERSION = YES;
				CLANG_WARN_OBJC_ROOT_CLASS = YES_ERROR;
				CLANG_WARN_QUOTED_INCLUDE_IN_FRAMEWORK_HEADER = YES;
				CLANG_WARN_RANGE_LOOP_ANALYSIS = YES;
				CLANG_WARN_STRICT_PROTOTYPES = YES;
				CLANG_WARN_SUSPICIOUS_MOVE = YES;
				CLANG_WARN_UNGUARDED_AVAILABILITY = YES_AGGRESSIVE;
				CLANG_WARN_UNREACHABLE_CODE = YES;
				CLANG_WARN__DUPLICATE_METHOD_MATCH = YES;
				COPY_PHASE_STRIP = NO;
				DEBUG_INFORMATION_FORMAT = "dwarf-with-dsym";
				ENABLE_NS_ASSERTIONS = NO;
				ENABLE_STRICT_OBJC_MSGSEND = YES;
				ENABLE_USER_SCRIPT_SANDBOXING = YES;
				GCC_C_LANGUAGE_STANDARD = gnu17;
				GCC_NO_COMMON_BLOCKS = YES;
				GCC_WARN_64_TO_32_BIT_CONVERSION = YES;
				GCC_WARN_ABOUT_RETURN_TYPE = YES_ERROR;
				GCC_WARN_UNDECLARED_SELECTOR = YES;
				GCC_WARN_UNINITIALIZED_AUTOS = YES_AGGRESSIVE;
				GCC_WARN_UNUSED_FUNCTION = YES;
				GCC_WARN_UNUSED_VARIABLE = YES;
				LOCALIZATION_PREFERS_STRING_CATALOGS = YES;
				MACOSX_DEPLOYMENT_TARGET = 15.5;
				MTL_ENABLE_DEBUG_INFO = NO;
				MTL_FAST_MATH = YES;
				SDKROOT = macosx;
				SWIFT_COMPILATION_MODE = wholemodule;
				SWIFT_EMIT_LOC_STRINGS = YES;
			};
			name = Release;
		};
		F27BDBB22E544D5600036841 /* Debug */ = {
			isa = XCBuildConfiguration;
			buildSettings = {
				ASSETCATALOG_COMPILER_APPICON_NAME = AppIcon;
				ASSETCATALOG_COMPILER_GLOBAL_ACCENT_COLOR_NAME = AccentColor;
				CODE_SIGN_ENTITLEMENTS = HttpRequestMonitor/HttpRequestMonitor.entitlements;
				CODE_SIGN_STYLE = Automatic;
				COMBINE_HIDPI_IMAGES = YES;
				CURRENT_PROJECT_VERSION = 1;
				ENABLE_PREVIEWS = YES;
				GENERATE_INFOPLIST_FILE = YES;
				INFOPLIST_KEY_NSHumanReadableCopyright = "";
				LD_RUNPATH_SEARCH_PATHS = (
					"$(inherited)",
					"@executable_path/../Frameworks",
				);
				MACOSX_DEPLOYMENT_TARGET = 14.6;
				MARKETING_VERSION = 1.0;
				PRODUCT_BUNDLE_IDENTIFIER = com.myCompany.HttpRequestMonitor;
				PRODUCT_NAME = "$(TARGET_NAME)";
				REGISTER_APP_GROUPS = YES;
				SWIFT_EMIT_LOC_STRINGS = YES;
				SWIFT_VERSION = 5.0;
			};
			name = Debug;
		};
		F27BDBB32E544D5600036841 /* Release */ = {
			isa = XCBuildConfiguration;
			buildSettings = {
				ASSETCATALOG_COMPILER_APPICON_NAME = AppIcon;
				ASSETCATALOG_COMPILER_GLOBAL_ACCENT_COLOR_NAME = AccentColor;
				CODE_SIGN_ENTITLEMENTS = HttpRequestMonitor/HttpRequestMonitor.entitlements;
				CODE_SIGN_STYLE = Automatic;
				COMBINE_HIDPI_IMAGES = YES;
				CURRENT_PROJECT_VERSION = 1;
				ENABLE_PREVIEWS = YES;
				GENERATE_INFOPLIST_FILE = YES;
				INFOPLIST_KEY_NSHumanReadableCopyright = "";
				LD_RUNPATH_SEARCH_PATHS = (
					"$(inherited)",
					"@executable_path/../Frameworks",
				);
				MACOSX_DEPLOYMENT_TARGET = 14.6;
				MARKETING_VERSION = 1.0;
				PRODUCT_BUNDLE_IDENTIFIER = com.myCompany.HttpRequestMonitor;
				PRODUCT_NAME = "$(TARGET_NAME)";
				REGISTER_APP_GROUPS = YES;
				SWIFT_EMIT_LOC_STRINGS = YES;
				SWIFT_VERSION = 5.0;
			};
			name = Release;
		};
		F2F2AAA02E56A44000FA9464 /* Debug */ = {
			isa = XCBuildConfiguration;
			buildSettings = {
				BUNDLE_LOADER = "$(TEST_HOST)";
				CODE_SIGN_STYLE = Automatic;
				CURRENT_PROJECT_VERSION = 1;
				GENERATE_INFOPLIST_FILE = YES;
				MACOSX_DEPLOYMENT_TARGET = 14.6;
				MARKETING_VERSION = 1.0;
				PRODUCT_BUNDLE_IDENTIFIER = com.myCompany.HttpRequestMonitorTests;
				PRODUCT_NAME = "$(TARGET_NAME)";
				SWIFT_EMIT_LOC_STRINGS = NO;
				SWIFT_VERSION = 5.0;
				TEST_HOST = "$(BUILT_PRODUCTS_DIR)/HttpRequestMonitor.app/$(BUNDLE_EXECUTABLE_FOLDER_PATH)/HttpRequestMonitor";
			};
			name = Debug;
		};
		F2F2AAA12E56A44000FA9464 /* Release */ = {
			isa = XCBuildConfiguration;
			buildSettings = {
				BUNDLE_LOADER = "$(TEST_HOST)";
				CODE_SIGN_STYLE = Automatic;
				CURRENT_PROJECT_VERSION = 1;
				GENERATE_INFOPLIST_FILE = YES;
				MACOSX_DEPLOYMENT_TARGET = 14.6;
				MARKETING_VERSION = 1.0;
				PRODUCT_BUNDLE_IDENTIFIER = com.myCompany.HttpRequestMonitorTests;
				PRODUCT_NAME = "$(TARGET_NAME)";
				SWIFT_EMIT_LOC_STRINGS = NO;
				SWIFT_VERSION = 5.0;
				TEST_HOST = "$(BUILT_PRODUCTS_DIR)/HttpRequestMonitor.app/$(BUNDLE_EXECUTABLE_FOLDER_PATH)/HttpRequestMonitor";
			};
			name = Release;
		};
/* End XCBuildConfiguration section */

/* Begin XCConfigurationList section */
		F27BDBA02E544D5400036841 /* Build configuration list for PBXProject "HttpRequestMonitor" */ = {
			isa = XCConfigurationList;
			buildConfigurations = (
				F27BDBAF2E544D5600036841 /* Debug */,
				F27BDBB02E544D5600036841 /* Release */,
			);
			defaultConfigurationIsVisible = 0;
			defaultConfigurationName = Release;
		};
		F27BDBB12E544D5600036841 /* Build configuration list for PBXNativeTarget "HttpRequestMonitor" */ = {
			isa = XCConfigurationList;
			buildConfigurations = (
				F27BDBB22E544D5600036841 /* Debug */,
				F27BDBB32E544D5600036841 /* Release */,
			);
			defaultConfigurationIsVisible = 0;
			defaultConfigurationName = Release;
		};
		F2F2AA9F2E56A44000FA9464 /* Build configuration list for PBXNativeTarget "HttpRequestMonitorTests" */ = {
			isa = XCConfigurationList;
			buildConfigurations = (
				F2F2AAA02E56A44000FA9464 /* Debug */,
				F2F2AAA12E56A44000FA9464 /* Release */,
			);
			defaultConfigurationIsVisible = 0;
			defaultConfigurationName = Release;
		};
/* End XCConfigurationList section */
	};
	rootObject = F27BDB9D2E544D5400036841 /* Project object */;
}
