// !$*UTF8*$!
{
	archiveVersion = 1;
	classes = {
	};
	objectVersion = 50;
	objects = {

/* Begin PBXBuildFile section */
		F209B28126E83EFD0083574D /* AppDelegate.swift in Sources */ = {isa = PBXBuildFile; fileRef = F209B28026E83EFD0083574D /* AppDelegate.swift */; };
		F209B28326E83EFD0083574D /* SceneDelegate.swift in Sources */ = {isa = PBXBuildFile; fileRef = F209B28226E83EFD0083574D /* SceneDelegate.swift */; };
		F209B28526E83EFD0083574D /* ViewController.swift in Sources */ = {isa = PBXBuildFile; fileRef = F209B28426E83EFD0083574D /* ViewController.swift */; };
		F209B28826E83EFD0083574D /* Main.storyboard in Resources */ = {isa = PBXBuildFile; fileRef = F209B28626E83EFD0083574D /* Main.storyboard */; };
		F209B28A26E83EFD0083574D /* Assets.xcassets in Resources */ = {isa = PBXBuildFile; fileRef = F209B28926E83EFD0083574D /* Assets.xcassets */; };
		F209B28D26E83EFD0083574D /* LaunchScreen.storyboard in Resources */ = {isa = PBXBuildFile; fileRef = F209B28B26E83EFD0083574D /* LaunchScreen.storyboard */; };
		F209B29726E844830083574D /* ActionPublisher.swift in Sources */ = {isa = PBXBuildFile; fileRef = F209B29526E844820083574D /* ActionPublisher.swift */; };
		F209B29826E844830083574D /* FluentInterface.swift in Sources */ = {isa = PBXBuildFile; fileRef = F209B29626E844820083574D /* FluentInterface.swift */; };
		F209B29A26E845770083574D /* HTTPStatus.swift in Sources */ = {isa = PBXBuildFile; fileRef = F209B29926E845770083574D /* HTTPStatus.swift */; };
		F209B29D26E856FD0083574D /* HTTPService.swift in Sources */ = {isa = PBXBuildFile; fileRef = F209B29C26E856FD0083574D /* HTTPService.swift */; };
		F209B29F26E859BB0083574D /* HTTPConnection.swift in Sources */ = {isa = PBXBuildFile; fileRef = F209B29E26E859BB0083574D /* HTTPConnection.swift */; };
		F209B2A326E8AA1F0083574D /* HTTPMethod.swift in Sources */ = {isa = PBXBuildFile; fileRef = F209B2A226E8AA1F0083574D /* HTTPMethod.swift */; };
		F209B2A526E8AAC90083574D /* HTTPMessage.swift in Sources */ = {isa = PBXBuildFile; fileRef = F209B2A426E8AAC90083574D /* HTTPMessage.swift */; };
		F209B2A726E8ABD10083574D /* HTTPHeader.swift in Sources */ = {isa = PBXBuildFile; fileRef = F209B2A626E8ABD10083574D /* HTTPHeader.swift */; };
		F257301A26E9A6310072BAF1 /* NSAttributedStringExtension.swift in Sources */ = {isa = PBXBuildFile; fileRef = F257301926E9A6310072BAF1 /* NSAttributedStringExtension.swift */; };
		F257301C26E9ECCC0072BAF1 /* DTWiFiInformation.swift in Sources */ = {isa = PBXBuildFile; fileRef = F257301B26E9ECCC0072BAF1 /* DTWiFiInformation.swift */; };
		F25BC3F026EAF0EC006A2CB5 /* UserDefaultsWrapper.swift in Sources */ = {isa = PBXBuildFile; fileRef = F25BC3EF26EAF0EC006A2CB5 /* UserDefaultsWrapper.swift */; };
		F25BC3F226EAF26A006A2CB5 /* UIAlertActionBuilder.swift in Sources */ = {isa = PBXBuildFile; fileRef = F25BC3F126EAF26A006A2CB5 /* UIAlertActionBuilder.swift */; };
/* End PBXBuildFile section */

/* Begin PBXFileReference section */
		F209B27D26E83EFD0083574D /* HttpRequestMonitor.app */ = {isa = PBXFileReference; explicitFileType = wrapper.application; includeInIndex = 0; path = HttpRequestMonitor.app; sourceTree = BUILT_PRODUCTS_DIR; };
		F209B28026E83EFD0083574D /* AppDelegate.swift */ = {isa = PBXFileReference; lastKnownFileType = sourcecode.swift; path = AppDelegate.swift; sourceTree = "<group>"; };
		F209B28226E83EFD0083574D /* SceneDelegate.swift */ = {isa = PBXFileReference; lastKnownFileType = sourcecode.swift; path = SceneDelegate.swift; sourceTree = "<group>"; };
		F209B28426E83EFD0083574D /* ViewController.swift */ = {isa = PBXFileReference; lastKnownFileType = sourcecode.swift; path = ViewController.swift; sourceTree = "<group>"; };
		F209B28726E83EFD0083574D /* Base */ = {isa = PBXFileReference; lastKnownFileType = file.storyboard; name = Base; path = Base.lproj/Main.storyboard; sourceTree = "<group>"; };
		F209B28926E83EFD0083574D /* Assets.xcassets */ = {isa = PBXFileReference; lastKnownFileType = folder.assetcatalog; path = Assets.xcassets; sourceTree = "<group>"; };
		F209B28C26E83EFD0083574D /* Base */ = {isa = PBXFileReference; lastKnownFileType = file.storyboard; name = Base; path = Base.lproj/LaunchScreen.storyboard; sourceTree = "<group>"; };
		F209B28E26E83EFD0083574D /* Info.plist */ = {isa = PBXFileReference; lastKnownFileType = text.plist.xml; path = Info.plist; sourceTree = "<group>"; };
		F209B29526E844820083574D /* ActionPublisher.swift */ = {isa = PBXFileReference; fileEncoding = 4; lastKnownFileType = sourcecode.swift; path = ActionPublisher.swift; sourceTree = "<group>"; };
		F209B29626E844820083574D /* FluentInterface.swift */ = {isa = PBXFileReference; fileEncoding = 4; lastKnownFileType = sourcecode.swift; path = FluentInterface.swift; sourceTree = "<group>"; };
		F209B29926E845770083574D /* HTTPStatus.swift */ = {isa = PBXFileReference; lastKnownFileType = sourcecode.swift; path = HTTPStatus.swift; sourceTree = "<group>"; };
		F209B29C26E856FD0083574D /* HTTPService.swift */ = {isa = PBXFileReference; lastKnownFileType = sourcecode.swift; path = HTTPService.swift; sourceTree = "<group>"; };
		F209B29E26E859BB0083574D /* HTTPConnection.swift */ = {isa = PBXFileReference; lastKnownFileType = sourcecode.swift; path = HTTPConnection.swift; sourceTree = "<group>"; };
		F209B2A226E8AA1F0083574D /* HTTPMethod.swift */ = {isa = PBXFileReference; fileEncoding = 4; lastKnownFileType = sourcecode.swift; path = HTTPMethod.swift; sourceTree = "<group>"; };
		F209B2A426E8AAC90083574D /* HTTPMessage.swift */ = {isa = PBXFileReference; fileEncoding = 4; lastKnownFileType = sourcecode.swift; path = HTTPMessage.swift; sourceTree = "<group>"; };
		F209B2A626E8ABD10083574D /* HTTPHeader.swift */ = {isa = PBXFileReference; fileEncoding = 4; lastKnownFileType = sourcecode.swift; path = HTTPHeader.swift; sourceTree = "<group>"; };
		F257301926E9A6310072BAF1 /* NSAttributedStringExtension.swift */ = {isa = PBXFileReference; fileEncoding = 4; lastKnownFileType = sourcecode.swift; path = NSAttributedStringExtension.swift; sourceTree = "<group>"; };
		F257301B26E9ECCC0072BAF1 /* DTWiFiInformation.swift */ = {isa = PBXFileReference; fileEncoding = 4; lastKnownFileType = sourcecode.swift; path = DTWiFiInformation.swift; sourceTree = "<group>"; };
		F25BC3EF26EAF0EC006A2CB5 /* UserDefaultsWrapper.swift */ = {isa = PBXFileReference; fileEncoding = 4; lastKnownFileType = sourcecode.swift; path = UserDefaultsWrapper.swift; sourceTree = "<group>"; };
		F25BC3F126EAF26A006A2CB5 /* UIAlertActionBuilder.swift */ = {isa = PBXFileReference; fileEncoding = 4; lastKnownFileType = sourcecode.swift; path = UIAlertActionBuilder.swift; sourceTree = "<group>"; };
/* End PBXFileReference section */

/* Begin PBXFrameworksBuildPhase section */
		F209B27A26E83EFD0083574D /* Frameworks */ = {
			isa = PBXFrameworksBuildPhase;
			buildActionMask = 2147483647;
			files = (
			);
			runOnlyForDeploymentPostprocessing = 0;
		};
/* End PBXFrameworksBuildPhase section */

/* Begin PBXGroup section */
		F209B27426E83EFD0083574D = {
			isa = PBXGroup;
			children = (
				F209B27F26E83EFD0083574D /* HttpRequestMonitor */,
				F209B27E26E83EFD0083574D /* Products */,
			);
			sourceTree = "<group>";
		};
		F209B27E26E83EFD0083574D /* Products */ = {
			isa = PBXGroup;
			children = (
				F209B27D26E83EFD0083574D /* HttpRequestMonitor.app */,
			);
			name = Products;
			sourceTree = "<group>";
		};
		F209B27F26E83EFD0083574D /* HttpRequestMonitor */ = {
			isa = PBXGroup;
			children = (
				F257301826E9A6250072BAF1 /* Extension */,
				F209B29426E844780083574D /* Model */,
				F25BC3ED26EAEFFE006A2CB5 /* Property Wrapper */,
				F209B29B26E849180083574D /* Service */,
				F25BC3EE26EAF07F006A2CB5 /* Resource */,
				F209B28026E83EFD0083574D /* AppDelegate.swift */,
				F209B28626E83EFD0083574D /* Main.storyboard */,
				F209B28226E83EFD0083574D /* SceneDelegate.swift */,
				F209B28426E83EFD0083574D /* ViewController.swift */,
			);
			path = HttpRequestMonitor;
			sourceTree = "<group>";
		};
		F209B29426E844780083574D /* Model */ = {
			isa = PBXGroup;
			children = (
				F257301B26E9ECCC0072BAF1 /* DTWiFiInformation.swift */,
				F209B29526E844820083574D /* ActionPublisher.swift */,
				F209B29626E844820083574D /* FluentInterface.swift */,
			);
			path = Model;
			sourceTree = "<group>";
		};
		F209B29B26E849180083574D /* Service */ = {
			isa = PBXGroup;
			children = (
				F209B29E26E859BB0083574D /* HTTPConnection.swift */,
				F209B2A626E8ABD10083574D /* HTTPHeader.swift */,
				F209B2A426E8AAC90083574D /* HTTPMessage.swift */,
				F209B2A226E8AA1F0083574D /* HTTPMethod.swift */,
				F209B29C26E856FD0083574D /* HTTPService.swift */,
				F209B29926E845770083574D /* HTTPStatus.swift */,
			);
			path = Service;
			sourceTree = "<group>";
		};
		F257301826E9A6250072BAF1 /* Extension */ = {
			isa = PBXGroup;
			children = (
				F257301926E9A6310072BAF1 /* NSAttributedStringExtension.swift */,
				F25BC3F126EAF26A006A2CB5 /* UIAlertActionBuilder.swift */,
			);
			path = Extension;
			sourceTree = "<group>";
		};
		F25BC3ED26EAEFFE006A2CB5 /* Property Wrapper */ = {
			isa = PBXGroup;
			children = (
				F25BC3EF26EAF0EC006A2CB5 /* UserDefaultsWrapper.swift */,
			);
			path = "Property Wrapper";
			sourceTree = "<group>";
		};
		F25BC3EE26EAF07F006A2CB5 /* Resource */ = {
			isa = PBXGroup;
			children = (
				F209B28926E83EFD0083574D /* Assets.xcassets */,
				F209B28E26E83EFD0083574D /* Info.plist */,
				F209B28B26E83EFD0083574D /* LaunchScreen.storyboard */,
			);
			path = Resource;
			sourceTree = "<group>";
		};
/* End PBXGroup section */

/* Begin PBXNativeTarget section */
		F209B27C26E83EFD0083574D /* HttpRequestMonitor */ = {
			isa = PBXNativeTarget;
			buildConfigurationList = F209B29126E83EFD0083574D /* Build configuration list for PBXNativeTarget "HttpRequestMonitor" */;
			buildPhases = (
				F209B27926E83EFD0083574D /* Sources */,
				F209B27A26E83EFD0083574D /* Frameworks */,
				F209B27B26E83EFD0083574D /* Resources */,
			);
			buildRules = (
			);
			dependencies = (
			);
			name = HttpRequestMonitor;
			packageProductDependencies = (
			);
			productName = HttpRequestMonitor;
			productReference = F209B27D26E83EFD0083574D /* HttpRequestMonitor.app */;
			productType = "com.apple.product-type.application";
		};
/* End PBXNativeTarget section */

/* Begin PBXProject section */
		F209B27526E83EFD0083574D /* Project object */ = {
			isa = PBXProject;
			attributes = {
				LastSwiftUpdateCheck = 1250;
				LastUpgradeCheck = 1250;
				TargetAttributes = {
					F209B27C26E83EFD0083574D = {
						CreatedOnToolsVersion = 12.5.1;
					};
				};
			};
			buildConfigurationList = F209B27826E83EFD0083574D /* Build configuration list for PBXProject "HttpRequestMonitor" */;
			compatibilityVersion = "Xcode 9.3";
			developmentRegion = en;
			hasScannedForEncodings = 0;
			knownRegions = (
				en,
				Base,
			);
			mainGroup = F209B27426E83EFD0083574D;
			packageReferences = (
			);
			productRefGroup = F209B27E26E83EFD0083574D /* Products */;
			projectDirPath = "";
			projectRoot = "";
			targets = (
				F209B27C26E83EFD0083574D /* HttpRequestMonitor */,
			);
		};
/* End PBXProject section */

/* Begin PBXResourcesBuildPhase section */
		F209B27B26E83EFD0083574D /* Resources */ = {
			isa = PBXResourcesBuildPhase;
			buildActionMask = 2147483647;
			files = (
				F209B28D26E83EFD0083574D /* LaunchScreen.storyboard in Resources */,
				F209B28A26E83EFD0083574D /* Assets.xcassets in Resources */,
				F209B28826E83EFD0083574D /* Main.storyboard in Resources */,
			);
			runOnlyForDeploymentPostprocessing = 0;
		};
/* End PBXResourcesBuildPhase section */

/* Begin PBXSourcesBuildPhase section */
		F209B27926E83EFD0083574D /* Sources */ = {
			isa = PBXSourcesBuildPhase;
			buildActionMask = 2147483647;
			files = (
				F25BC3F026EAF0EC006A2CB5 /* UserDefaultsWrapper.swift in Sources */,
				F209B29A26E845770083574D /* HTTPStatus.swift in Sources */,
				F25BC3F226EAF26A006A2CB5 /* UIAlertActionBuilder.swift in Sources */,
				F209B29726E844830083574D /* ActionPublisher.swift in Sources */,
				F209B29826E844830083574D /* FluentInterface.swift in Sources */,
				F257301A26E9A6310072BAF1 /* NSAttributedStringExtension.swift in Sources */,
				F209B28526E83EFD0083574D /* ViewController.swift in Sources */,
				F209B28126E83EFD0083574D /* AppDelegate.swift in Sources */,
				F209B2A526E8AAC90083574D /* HTTPMessage.swift in Sources */,
				F209B2A326E8AA1F0083574D /* HTTPMethod.swift in Sources */,
				F209B29D26E856FD0083574D /* HTTPService.swift in Sources */,
				F209B2A726E8ABD10083574D /* HTTPHeader.swift in Sources */,
				F209B28326E83EFD0083574D /* SceneDelegate.swift in Sources */,
				F209B29F26E859BB0083574D /* HTTPConnection.swift in Sources */,
				F257301C26E9ECCC0072BAF1 /* DTWiFiInformation.swift in Sources */,
			);
			runOnlyForDeploymentPostprocessing = 0;
		};
/* End PBXSourcesBuildPhase section */

/* Begin PBXVariantGroup section */
		F209B28626E83EFD0083574D /* Main.storyboard */ = {
			isa = PBXVariantGroup;
			children = (
				F209B28726E83EFD0083574D /* Base */,
			);
			name = Main.storyboard;
			sourceTree = "<group>";
		};
		F209B28B26E83EFD0083574D /* LaunchScreen.storyboard */ = {
			isa = PBXVariantGroup;
			children = (
				F209B28C26E83EFD0083574D /* Base */,
			);
			name = LaunchScreen.storyboard;
			sourceTree = "<group>";
		};
/* End PBXVariantGroup section */

/* Begin XCBuildConfiguration section */
		F209B28F26E83EFD0083574D /* Debug */ = {
			isa = XCBuildConfiguration;
			buildSettings = {
				ALWAYS_SEARCH_USER_PATHS = NO;
				CLANG_ANALYZER_NONNULL = YES;
				CLANG_ANALYZER_NUMBER_OBJECT_CONVERSION = YES_AGGRESSIVE;
				CLANG_CXX_LANGUAGE_STANDARD = "gnu++14";
				CLANG_CXX_LIBRARY = "libc++";
				CLANG_ENABLE_MODULES = YES;
				CLANG_ENABLE_OBJC_ARC = YES;
				CLANG_ENABLE_OBJC_WEAK = YES;
				CLANG_WARN_BLOCK_CAPTURE_AUTORELEASING = YES;
				CLANG_WARN_BOOL_CONVERSION = YES;
				CLANG_WARN_COMMA = YES;
				CLANG_WARN_CONSTANT_CONVERSION = YES;
				CLANG_WARN_DEPRECATED_OBJC_IMPLEMENTATIONS = YES;
				CLANG_WARN_DIRECT_OBJC_ISA_USAGE = YES_ERROR;
				CLANG_WARN_DOCUMENTATION_COMMENTS = YES;
				CLANG_WARN_EMPTY_BODY = YES;
				CLANG_WARN_ENUM_CONVERSION = YES;
				CLANG_WARN_INFINITE_RECURSION = YES;
				CLANG_WARN_INT_CONVERSION = YES;
				CLANG_WARN_NON_LITERAL_NULL_CONVERSION = YES;
				CLANG_WARN_OBJC_IMPLICIT_RETAIN_SELF = YES;
				CLANG_WARN_OBJC_LITERAL_CONVERSION = YES;
				CLANG_WARN_OBJC_ROOT_CLASS = YES_ERROR;
				CLANG_WARN_QUOTED_INCLUDE_IN_FRAMEWORK_HEADER = YES;
				CLANG_WARN_RANGE_LOOP_ANALYSIS = YES;
				CLANG_WARN_STRICT_PROTOTYPES = YES;
				CLANG_WARN_SUSPICIOUS_MOVE = YES;
				CLANG_WARN_UNGUARDED_AVAILABILITY = YES_AGGRESSIVE;
				CLANG_WARN_UNREACHABLE_CODE = YES;
				CLANG_WARN__DUPLICATE_METHOD_MATCH = YES;
				COPY_PHASE_STRIP = NO;
				DEBUG_INFORMATION_FORMAT = dwarf;
				ENABLE_STRICT_OBJC_MSGSEND = YES;
				ENABLE_TESTABILITY = YES;
				GCC_C_LANGUAGE_STANDARD = gnu11;
				GCC_DYNAMIC_NO_PIC = NO;
				GCC_NO_COMMON_BLOCKS = YES;
				GCC_OPTIMIZATION_LEVEL = 0;
				GCC_PREPROCESSOR_DEFINITIONS = (
					"DEBUG=1",
					"$(inherited)",
				);
				GCC_WARN_64_TO_32_BIT_CONVERSION = YES;
				GCC_WARN_ABOUT_RETURN_TYPE = YES_ERROR;
				GCC_WARN_UNDECLARED_SELECTOR = YES;
				GCC_WARN_UNINITIALIZED_AUTOS = YES_AGGRESSIVE;
				GCC_WARN_UNUSED_FUNCTION = YES;
				GCC_WARN_UNUSED_VARIABLE = YES;
				IPHONEOS_DEPLOYMENT_TARGET = 14.5;
				MTL_ENABLE_DEBUG_INFO = INCLUDE_SOURCE;
				MTL_FAST_MATH = YES;
				ONLY_ACTIVE_ARCH = YES;
				SDKROOT = iphoneos;
				SWIFT_ACTIVE_COMPILATION_CONDITIONS = DEBUG;
				SWIFT_OPTIMIZATION_LEVEL = "-Onone";
			};
			name = Debug;
		};
		F209B29026E83EFD0083574D /* Release */ = {
			isa = XCBuildConfiguration;
			buildSettings = {
				ALWAYS_SEARCH_USER_PATHS = NO;
				CLANG_ANALYZER_NONNULL = YES;
				CLANG_ANALYZER_NUMBER_OBJECT_CONVERSION = YES_AGGRESSIVE;
				CLANG_CXX_LANGUAGE_STANDARD = "gnu++14";
				CLANG_CXX_LIBRARY = "libc++";
				CLANG_ENABLE_MODULES = YES;
				CLANG_ENABLE_OBJC_ARC = YES;
				CLANG_ENABLE_OBJC_WEAK = YES;
				CLANG_WARN_BLOCK_CAPTURE_AUTORELEASING = YES;
				CLANG_WARN_BOOL_CONVERSION = YES;
				CLANG_WARN_COMMA = YES;
				CLANG_WARN_CONSTANT_CONVERSION = YES;
				CLANG_WARN_DEPRECATED_OBJC_IMPLEMENTATIONS = YES;
				CLANG_WARN_DIRECT_OBJC_ISA_USAGE = YES_ERROR;
				CLANG_WARN_DOCUMENTATION_COMMENTS = YES;
				CLANG_WARN_EMPTY_BODY = YES;
				CLANG_WARN_ENUM_CONVERSION = YES;
				CLANG_WARN_INFINITE_RECURSION = YES;
				CLANG_WARN_INT_CONVERSION = YES;
				CLANG_WARN_NON_LITERAL_NULL_CONVERSION = YES;
				CLANG_WARN_OBJC_IMPLICIT_RETAIN_SELF = YES;
				CLANG_WARN_OBJC_LITERAL_CONVERSION = YES;
				CLANG_WARN_OBJC_ROOT_CLASS = YES_ERROR;
				CLANG_WARN_QUOTED_INCLUDE_IN_FRAMEWORK_HEADER = YES;
				CLANG_WARN_RANGE_LOOP_ANALYSIS = YES;
				CLANG_WARN_STRICT_PROTOTYPES = YES;
				CLANG_WARN_SUSPICIOUS_MOVE = YES;
				CLANG_WARN_UNGUARDED_AVAILABILITY = YES_AGGRESSIVE;
				CLANG_WARN_UNREACHABLE_CODE = YES;
				CLANG_WARN__DUPLICATE_METHOD_MATCH = YES;
				COPY_PHASE_STRIP = NO;
				DEBUG_INFORMATION_FORMAT = "dwarf-with-dsym";
				ENABLE_NS_ASSERTIONS = NO;
				ENABLE_STRICT_OBJC_MSGSEND = YES;
				GCC_C_LANGUAGE_STANDARD = gnu11;
				GCC_NO_COMMON_BLOCKS = YES;
				GCC_WARN_64_TO_32_BIT_CONVERSION = YES;
				GCC_WARN_ABOUT_RETURN_TYPE = YES_ERROR;
				GCC_WARN_UNDECLARED_SELECTOR = YES;
				GCC_WARN_UNINITIALIZED_AUTOS = YES_AGGRESSIVE;
				GCC_WARN_UNUSED_FUNCTION = YES;
				GCC_WARN_UNUSED_VARIABLE = YES;
				IPHONEOS_DEPLOYMENT_TARGET = 14.5;
				MTL_ENABLE_DEBUG_INFO = NO;
				MTL_FAST_MATH = YES;
				SDKROOT = iphoneos;
				SWIFT_COMPILATION_MODE = wholemodule;
				SWIFT_OPTIMIZATION_LEVEL = "-O";
				VALIDATE_PRODUCT = YES;
			};
			name = Release;
		};
		F209B29226E83EFD0083574D /* Debug */ = {
			isa = XCBuildConfiguration;
			buildSettings = {
				ASSETCATALOG_COMPILER_APPICON_NAME = AppIcon;
				ASSETCATALOG_COMPILER_GLOBAL_ACCENT_COLOR_NAME = AccentColor;
				CODE_SIGN_STYLE = Automatic;
				DEVELOPMENT_TEAM = Y5PE34DHT4;
				INFOPLIST_FILE = HttpRequestMonitor/Resource/Info.plist;
				LD_RUNPATH_SEARCH_PATHS = (
					"$(inherited)",
					"@executable_path/Frameworks",
				);
				PRODUCT_BUNDLE_IDENTIFIER = com.darktt.personal.company.HttpRequestMonitor;
				PRODUCT_NAME = "$(TARGET_NAME)";
				SWIFT_VERSION = 5.0;
				TARGETED_DEVICE_FAMILY = "1,2";
			};
			name = Debug;
		};
		F209B29326E83EFD0083574D /* Release */ = {
			isa = XCBuildConfiguration;
			buildSettings = {
				ASSETCATALOG_COMPILER_APPICON_NAME = AppIcon;
				ASSETCATALOG_COMPILER_GLOBAL_ACCENT_COLOR_NAME = AccentColor;
				CODE_SIGN_STYLE = Automatic;
				DEVELOPMENT_TEAM = Y5PE34DHT4;
				INFOPLIST_FILE = HttpRequestMonitor/Resource/Info.plist;
				LD_RUNPATH_SEARCH_PATHS = (
					"$(inherited)",
					"@executable_path/Frameworks",
				);
				PRODUCT_BUNDLE_IDENTIFIER = com.darktt.personal.company.HttpRequestMonitor;
				PRODUCT_NAME = "$(TARGET_NAME)";
				SWIFT_VERSION = 5.0;
				TARGETED_DEVICE_FAMILY = "1,2";
			};
			name = Release;
		};
/* End XCBuildConfiguration section */

/* Begin XCConfigurationList section */
		F209B27826E83EFD0083574D /* Build configuration list for PBXProject "HttpRequestMonitor" */ = {
			isa = XCConfigurationList;
			buildConfigurations = (
				F209B28F26E83EFD0083574D /* Debug */,
				F209B29026E83EFD0083574D /* Release */,
			);
			defaultConfigurationIsVisible = 0;
			defaultConfigurationName = Release;
		};
		F209B29126E83EFD0083574D /* Build configuration list for PBXNativeTarget "HttpRequestMonitor" */ = {
			isa = XCConfigurationList;
			buildConfigurations = (
				F209B29226E83EFD0083574D /* Debug */,
				F209B29326E83EFD0083574D /* Release */,
			);
			defaultConfigurationIsVisible = 0;
			defaultConfigurationName = Release;
		};
/* End XCConfigurationList section */
	};
	rootObject = F209B27526E83EFD0083574D /* Project object */;
}
